// !$*UTF8*$!
{
	archiveVersion = 1;
	classes = {
	};
	objectVersion = 50;
	objects = {

/* Begin PBXBuildFile section */
		A10A35FA21B3D04600CA06FF /* RSSDetailViewController.swift in Sources */ = {isa = PBXBuildFile; fileRef = A10A35F921B3D04600CA06FF /* RSSDetailViewController.swift */; };
		A16D3F02212DA99800BCAB4F /* RSSItem.swift in Sources */ = {isa = PBXBuildFile; fileRef = A16D3F01212DA99800BCAB4F /* RSSItem.swift */; };
		A16D3F06212DA9D500BCAB4F /* RSSChannel.swift in Sources */ = {isa = PBXBuildFile; fileRef = A16D3F05212DA9D500BCAB4F /* RSSChannel.swift */; };
		A17D1D832132F09900250490 /* RSSTableViewController.swift in Sources */ = {isa = PBXBuildFile; fileRef = A17D1D822132F09900250490 /* RSSTableViewController.swift */; };
		A18A1BBF213D76E400BEE549 /* RSSTableViewCell.swift in Sources */ = {isa = PBXBuildFile; fileRef = A18A1BBE213D76E400BEE549 /* RSSTableViewCell.swift */; };
		A191EBCF210A14D300FC82F9 /* AppDelegate.swift in Sources */ = {isa = PBXBuildFile; fileRef = A191EBCE210A14D300FC82F9 /* AppDelegate.swift */; };
		A191EBD4210A14D300FC82F9 /* Main.storyboard in Resources */ = {isa = PBXBuildFile; fileRef = A191EBD2210A14D300FC82F9 /* Main.storyboard */; };
		A191EBD6210A14D300FC82F9 /* Assets.xcassets in Resources */ = {isa = PBXBuildFile; fileRef = A191EBD5210A14D300FC82F9 /* Assets.xcassets */; };
		A191EBD9210A14D300FC82F9 /* LaunchScreen.storyboard in Resources */ = {isa = PBXBuildFile; fileRef = A191EBD7210A14D300FC82F9 /* LaunchScreen.storyboard */; };
		A1A3318C213445150050982E /* RSSConnector.swift in Sources */ = {isa = PBXBuildFile; fileRef = A1A3318B213445150050982E /* RSSConnector.swift */; };
		A1F45FED24741F3C00FE5AAD /* WebKit.framework in Frameworks */ = {isa = PBXBuildFile; fileRef = A1F45FEC24741F3C00FE5AAD /* WebKit.framework */; };
/* End PBXBuildFile section */

/* Begin PBXFileReference section */
		A10A35F921B3D04600CA06FF /* RSSDetailViewController.swift */ = {isa = PBXFileReference; lastKnownFileType = sourcecode.swift; path = RSSDetailViewController.swift; sourceTree = "<group>"; };
		A16D3F01212DA99800BCAB4F /* RSSItem.swift */ = {isa = PBXFileReference; lastKnownFileType = sourcecode.swift; path = RSSItem.swift; sourceTree = "<group>"; };
		A16D3F05212DA9D500BCAB4F /* RSSChannel.swift */ = {isa = PBXFileReference; lastKnownFileType = sourcecode.swift; path = RSSChannel.swift; sourceTree = "<group>"; };
		A17D1D822132F09900250490 /* RSSTableViewController.swift */ = {isa = PBXFileReference; lastKnownFileType = sourcecode.swift; path = RSSTableViewController.swift; sourceTree = "<group>"; };
		A18A1BBE213D76E400BEE549 /* RSSTableViewCell.swift */ = {isa = PBXFileReference; lastKnownFileType = sourcecode.swift; path = RSSTableViewCell.swift; sourceTree = "<group>"; };
		A191EBCB210A14D300FC82F9 /* SimpleRSS.app */ = {isa = PBXFileReference; explicitFileType = wrapper.application; includeInIndex = 0; path = SimpleRSS.app; sourceTree = BUILT_PRODUCTS_DIR; };
		A191EBCE210A14D300FC82F9 /* AppDelegate.swift */ = {isa = PBXFileReference; lastKnownFileType = sourcecode.swift; path = AppDelegate.swift; sourceTree = "<group>"; };
		A191EBD3210A14D300FC82F9 /* Base */ = {isa = PBXFileReference; lastKnownFileType = file.storyboard; name = Base; path = Base.lproj/Main.storyboard; sourceTree = "<group>"; };
		A191EBD5210A14D300FC82F9 /* Assets.xcassets */ = {isa = PBXFileReference; lastKnownFileType = folder.assetcatalog; path = Assets.xcassets; sourceTree = "<group>"; };
		A191EBD8210A14D300FC82F9 /* Base */ = {isa = PBXFileReference; lastKnownFileType = file.storyboard; name = Base; path = Base.lproj/LaunchScreen.storyboard; sourceTree = "<group>"; };
		A191EBDA210A14D300FC82F9 /* Info.plist */ = {isa = PBXFileReference; lastKnownFileType = text.plist.xml; path = Info.plist; sourceTree = "<group>"; };
		A1A3318B213445150050982E /* RSSConnector.swift */ = {isa = PBXFileReference; lastKnownFileType = sourcecode.swift; path = RSSConnector.swift; sourceTree = "<group>"; };
		A1F45FEC24741F3C00FE5AAD /* WebKit.framework */ = {isa = PBXFileReference; lastKnownFileType = wrapper.framework; name = WebKit.framework; path = System/Library/Frameworks/WebKit.framework; sourceTree = SDKROOT; };
/* End PBXFileReference section */

/* Begin PBXFrameworksBuildPhase section */
		A191EBC8210A14D300FC82F9 /* Frameworks */ = {
			isa = PBXFrameworksBuildPhase;
			buildActionMask = 2147483647;
			files = (
				A1F45FED24741F3C00FE5AAD /* WebKit.framework in Frameworks */,
			);
			runOnlyForDeploymentPostprocessing = 0;
		};
/* End PBXFrameworksBuildPhase section */

/* Begin PBXGroup section */
		A16D3F00212DA8FA00BCAB4F /* Model */ = {
			isa = PBXGroup;
			children = (
				A16D3F01212DA99800BCAB4F /* RSSItem.swift */,
				A16D3F05212DA9D500BCAB4F /* RSSChannel.swift */,
			);
			path = Model;
			sourceTree = "<group>";
		};
		A16D3F03212DA99E00BCAB4F /* View */ = {
			isa = PBXGroup;
			children = (
				A18A1BBE213D76E400BEE549 /* RSSTableViewCell.swift */,
			);
			path = View;
			sourceTree = "<group>";
		};
		A16D3F04212DA9A600BCAB4F /* Controller */ = {
			isa = PBXGroup;
			children = (
				A17D1D822132F09900250490 /* RSSTableViewController.swift */,
				A1A3318B213445150050982E /* RSSConnector.swift */,
				A10A35F921B3D04600CA06FF /* RSSDetailViewController.swift */,
			);
			path = Controller;
			sourceTree = "<group>";
		};
		A191EBC2210A14D300FC82F9 = {
			isa = PBXGroup;
			children = (
				A191EBCD210A14D300FC82F9 /* SimpleRSS */,
				A191EBCC210A14D300FC82F9 /* Products */,
				A1F45FEB24741F3C00FE5AAD /* Frameworks */,
			);
			sourceTree = "<group>";
		};
		A191EBCC210A14D300FC82F9 /* Products */ = {
			isa = PBXGroup;
			children = (
				A191EBCB210A14D300FC82F9 /* SimpleRSS.app */,
			);
			name = Products;
			sourceTree = "<group>";
		};
		A191EBCD210A14D300FC82F9 /* SimpleRSS */ = {
			isa = PBXGroup;
			children = (
				A16D3F00212DA8FA00BCAB4F /* Model */,
				A16D3F03212DA99E00BCAB4F /* View */,
				A16D3F04212DA9A600BCAB4F /* Controller */,
				A191EBCE210A14D300FC82F9 /* AppDelegate.swift */,
				A191EBD5210A14D300FC82F9 /* Assets.xcassets */,
				A191EBD7210A14D300FC82F9 /* LaunchScreen.storyboard */,
				A191EBD2210A14D300FC82F9 /* Main.storyboard */,
				A191EBDA210A14D300FC82F9 /* Info.plist */,
			);
			path = SimpleRSS;
			sourceTree = "<group>";
		};
		A1F45FEB24741F3C00FE5AAD /* Frameworks */ = {
			isa = PBXGroup;
			children = (
				A1F45FEC24741F3C00FE5AAD /* WebKit.framework */,
			);
			name = Frameworks;
			sourceTree = "<group>";
		};
/* End PBXGroup section */

/* Begin PBXNativeTarget section */
		A191EBCA210A14D300FC82F9 /* SimpleRSS */ = {
			isa = PBXNativeTarget;
			buildConfigurationList = A191EBDD210A14D300FC82F9 /* Build configuration list for PBXNativeTarget "SimpleRSS" */;
			buildPhases = (
				A191EBC7210A14D300FC82F9 /* Sources */,
				A191EBC8210A14D300FC82F9 /* Frameworks */,
				A191EBC9210A14D300FC82F9 /* Resources */,
			);
			buildRules = (
			);
			dependencies = (
			);
			name = SimpleRSS;
			productName = SimpleRSS;
			productReference = A191EBCB210A14D300FC82F9 /* SimpleRSS.app */;
			productType = "com.apple.product-type.application";
		};
/* End PBXNativeTarget section */

/* Begin PBXProject section */
		A191EBC3210A14D300FC82F9 /* Project object */ = {
			isa = PBXProject;
			attributes = {
				LastSwiftUpdateCheck = 0940;
				LastUpgradeCheck = 0940;
				ORGANIZATIONNAME = an;
				TargetAttributes = {
					A191EBCA210A14D300FC82F9 = {
						CreatedOnToolsVersion = 9.4.1;
						LastSwiftMigration = 1140;
					};
				};
			};
			buildConfigurationList = A191EBC6210A14D300FC82F9 /* Build configuration list for PBXProject "SimpleRSS" */;
			compatibilityVersion = "Xcode 9.3";
			developmentRegion = en;
			hasScannedForEncodings = 0;
			knownRegions = (
				en,
				Base,
			);
			mainGroup = A191EBC2210A14D300FC82F9;
			productRefGroup = A191EBCC210A14D300FC82F9 /* Products */;
			projectDirPath = "";
			projectRoot = "";
			targets = (
				A191EBCA210A14D300FC82F9 /* SimpleRSS */,
			);
		};
/* End PBXProject section */

/* Begin PBXResourcesBuildPhase section */
		A191EBC9210A14D300FC82F9 /* Resources */ = {
			isa = PBXResourcesBuildPhase;
			buildActionMask = 2147483647;
			files = (
				A191EBD9210A14D300FC82F9 /* LaunchScreen.storyboard in Resources */,
				A191EBD6210A14D300FC82F9 /* Assets.xcassets in Resources */,
				A191EBD4210A14D300FC82F9 /* Main.storyboard in Resources */,
			);
			runOnlyForDeploymentPostprocessing = 0;
		};
/* End PBXResourcesBuildPhase section */

/* Begin PBXSourcesBuildPhase section */
		A191EBC7210A14D300FC82F9 /* Sources */ = {
			isa = PBXSourcesBuildPhase;
			buildActionMask = 2147483647;
			files = (
				A18A1BBF213D76E400BEE549 /* RSSTableViewCell.swift in Sources */,
				A16D3F06212DA9D500BCAB4F /* RSSChannel.swift in Sources */,
				A1A3318C213445150050982E /* RSSConnector.swift in Sources */,
				A16D3F02212DA99800BCAB4F /* RSSItem.swift in Sources */,
				A10A35FA21B3D04600CA06FF /* RSSDetailViewController.swift in Sources */,
				A191EBCF210A14D300FC82F9 /* AppDelegate.swift in Sources */,
				A17D1D832132F09900250490 /* RSSTableViewController.swift in Sources */,
			);
			runOnlyForDeploymentPostprocessing = 0;
		};
/* End PBXSourcesBuildPhase section */

/* Begin PBXVariantGroup section */
		A191EBD2210A14D300FC82F9 /* Main.storyboard */ = {
			isa = PBXVariantGroup;
			children = (
				A191EBD3210A14D300FC82F9 /* Base */,
			);
			name = Main.storyboard;
			sourceTree = "<group>";
		};
		A191EBD7210A14D300FC82F9 /* LaunchScreen.storyboard */ = {
			isa = PBXVariantGroup;
			children = (
				A191EBD8210A14D300FC82F9 /* Base */,
			);
			name = LaunchScreen.storyboard;
			sourceTree = "<group>";
		};
/* End PBXVariantGroup section */

/* Begin XCBuildConfiguration section */
		A191EBDB210A14D300FC82F9 /* Debug */ = {
			isa = XCBuildConfiguration;
			buildSettings = {
				ALWAYS_SEARCH_USER_PATHS = NO;
				CLANG_ANALYZER_NONNULL = YES;
				CLANG_ANALYZER_NUMBER_OBJECT_CONVERSION = YES_AGGRESSIVE;
				CLANG_CXX_LANGUAGE_STANDARD = "gnu++14";
				CLANG_CXX_LIBRARY = "libc++";
				CLANG_ENABLE_MODULES = YES;
				CLANG_ENABLE_OBJC_ARC = YES;
				CLANG_ENABLE_OBJC_WEAK = YES;
				CLANG_WARN_BLOCK_CAPTURE_AUTORELEASING = YES;
				CLANG_WARN_BOOL_CONVERSION = YES;
				CLANG_WARN_COMMA = YES;
				CLANG_WARN_CONSTANT_CONVERSION = YES;
				CLANG_WARN_DEPRECATED_OBJC_IMPLEMENTATIONS = YES;
				CLANG_WARN_DIRECT_OBJC_ISA_USAGE = YES_ERROR;
				CLANG_WARN_DOCUMENTATION_COMMENTS = YES;
				CLANG_WARN_EMPTY_BODY = YES;
				CLANG_WARN_ENUM_CONVERSION = YES;
				CLANG_WARN_INFINITE_RECURSION = YES;
				CLANG_WARN_INT_CONVERSION = YES;
				CLANG_WARN_NON_LITERAL_NULL_CONVERSION = YES;
				CLANG_WARN_OBJC_IMPLICIT_RETAIN_SELF = YES;
				CLANG_WARN_OBJC_LITERAL_CONVERSION = YES;
				CLANG_WARN_OBJC_ROOT_CLASS = YES_ERROR;
				CLANG_WARN_RANGE_LOOP_ANALYSIS = YES;
				CLANG_WARN_STRICT_PROTOTYPES = YES;
				CLANG_WARN_SUSPICIOUS_MOVE = YES;
				CLANG_WARN_UNGUARDED_AVAILABILITY = YES_AGGRESSIVE;
				CLANG_WARN_UNREACHABLE_CODE = YES;
				CLANG_WARN__DUPLICATE_METHOD_MATCH = YES;
				CODE_SIGN_IDENTITY = "iPhone Developer";
				COPY_PHASE_STRIP = NO;
				DEBUG_INFORMATION_FORMAT = dwarf;
				ENABLE_STRICT_OBJC_MSGSEND = YES;
				ENABLE_TESTABILITY = YES;
				GCC_C_LANGUAGE_STANDARD = gnu11;
				GCC_DYNAMIC_NO_PIC = NO;
				GCC_NO_COMMON_BLOCKS = YES;
				GCC_OPTIMIZATION_LEVEL = 0;
				GCC_PREPROCESSOR_DEFINITIONS = (
					"DEBUG=1",
					"$(inherited)",
				);
				GCC_WARN_64_TO_32_BIT_CONVERSION = YES;
				GCC_WARN_ABOUT_RETURN_TYPE = YES_ERROR;
				GCC_WARN_UNDECLARED_SELECTOR = YES;
				GCC_WARN_UNINITIALIZED_AUTOS = YES_AGGRESSIVE;
				GCC_WARN_UNUSED_FUNCTION = YES;
				GCC_WARN_UNUSED_VARIABLE = YES;
				IPHONEOS_DEPLOYMENT_TARGET = 11.4;
				MTL_ENABLE_DEBUG_INFO = YES;
				ONLY_ACTIVE_ARCH = YES;
				SDKROOT = iphoneos;
				SWIFT_ACTIVE_COMPILATION_CONDITIONS = DEBUG;
				SWIFT_OPTIMIZATION_LEVEL = "-Onone";
			};
			name = Debug;
		};
		A191EBDC210A14D300FC82F9 /* Release */ = {
			isa = XCBuildConfiguration;
			buildSettings = {
				ALWAYS_SEARCH_USER_PATHS = NO;
				CLANG_ANALYZER_NONNULL = YES;
				CLANG_ANALYZER_NUMBER_OBJECT_CONVERSION = YES_AGGRESSIVE;
				CLANG_CXX_LANGUAGE_STANDARD = "gnu++14";
				CLANG_CXX_LIBRARY = "libc++";
				CLANG_ENABLE_MODULES = YES;
				CLANG_ENABLE_OBJC_ARC = YES;
				CLANG_ENABLE_OBJC_WEAK = YES;
				CLANG_WARN_BLOCK_CAPTURE_AUTORELEASING = YES;
				CLANG_WARN_BOOL_CONVERSION = YES;
				CLANG_WARN_COMMA = YES;
				CLANG_WARN_CONSTANT_CONVERSION = YES;
				CLANG_WARN_DEPRECATED_OBJC_IMPLEMENTATIONS = YES;
				CLANG_WARN_DIRECT_OBJC_ISA_USAGE = YES_ERROR;
				CLANG_WARN_DOCUMENTATION_COMMENTS = YES;
				CLANG_WARN_EMPTY_BODY = YES;
				CLANG_WARN_ENUM_CONVERSION = YES;
				CLANG_WARN_INFINITE_RECURSION = YES;
				CLANG_WARN_INT_CONVERSION = YES;
				CLANG_WARN_NON_LITERAL_NULL_CONVERSION = YES;
				CLANG_WARN_OBJC_IMPLICIT_RETAIN_SELF = YES;
				CLANG_WARN_OBJC_LITERAL_CONVERSION = YES;
				CLANG_WARN_OBJC_ROOT_CLASS = YES_ERROR;
				CLANG_WARN_RANGE_LOOP_ANALYSIS = YES;
				CLANG_WARN_STRICT_PROTOTYPES = YES;
				CLANG_WARN_SUSPICIOUS_MOVE = YES;
				CLANG_WARN_UNGUARDED_AVAILABILITY = YES_AGGRESSIVE;
				CLANG_WARN_UNREACHABLE_CODE = YES;
				CLANG_WARN__DUPLICATE_METHOD_MATCH = YES;
				CODE_SIGN_IDENTITY = "iPhone Developer";
				COPY_PHASE_STRIP = NO;
				DEBUG_INFORMATION_FORMAT = "dwarf-with-dsym";
				ENABLE_NS_ASSERTIONS = NO;
				ENABLE_STRICT_OBJC_MSGSEND = YES;
				GCC_C_LANGUAGE_STANDARD = gnu11;
				GCC_NO_COMMON_BLOCKS = YES;
				GCC_WARN_64_TO_32_BIT_CONVERSION = YES;
				GCC_WARN_ABOUT_RETURN_TYPE = YES_ERROR;
				GCC_WARN_UNDECLARED_SELECTOR = YES;
				GCC_WARN_UNINITIALIZED_AUTOS = YES_AGGRESSIVE;
				GCC_WARN_UNUSED_FUNCTION = YES;
				GCC_WARN_UNUSED_VARIABLE = YES;
				IPHONEOS_DEPLOYMENT_TARGET = 11.4;
				MTL_ENABLE_DEBUG_INFO = NO;
				SDKROOT = iphoneos;
				SWIFT_COMPILATION_MODE = wholemodule;
				SWIFT_OPTIMIZATION_LEVEL = "-O";
				VALIDATE_PRODUCT = YES;
			};
			name = Release;
		};
		A191EBDE210A14D300FC82F9 /* Debug */ = {
			isa = XCBuildConfiguration;
			buildSettings = {
				ASSETCATALOG_COMPILER_APPICON_NAME = AppIcon;
				CODE_SIGN_STYLE = Automatic;
				CURRENT_PROJECT_VERSION = 3;
				DEVELOPMENT_TEAM = "";
				INFOPLIST_FILE = SimpleRSS/Info.plist;
				LD_RUNPATH_SEARCH_PATHS = (
					"$(inherited)",
					"@executable_path/Frameworks",
				);
				MARKETING_VERSION = 1.2;
				PRODUCT_BUNDLE_IDENTIFIER = jp.hatenablog.an.SimpleRSS;
				PRODUCT_NAME = "$(TARGET_NAME)";
				SWIFT_VERSION = 5.0;
				TARGETED_DEVICE_FAMILY = "1,2";
			};
			name = Debug;
		};
		A191EBDF210A14D300FC82F9 /* Release */ = {
			isa = XCBuildConfiguration;
			buildSettings = {
				ASSETCATALOG_COMPILER_APPICON_NAME = AppIcon;
				CODE_SIGN_STYLE = Automatic;
				CURRENT_PROJECT_VERSION = 3;
				DEVELOPMENT_TEAM = "";
				INFOPLIST_FILE = SimpleRSS/Info.plist;
				LD_RUNPATH_SEARCH_PATHS = (
					"$(inherited)",
					"@executable_path/Frameworks",
				);
				MARKETING_VERSION = 1.2;
				PRODUCT_BUNDLE_IDENTIFIER = jp.hatenablog.an.SimpleRSS;
				PRODUCT_NAME = "$(TARGET_NAME)";
				SWIFT_VERSION = 5.0;
				TARGETED_DEVICE_FAMILY = "1,2";
			};
			name = Release;
		};
/* End XCBuildConfiguration section */

/* Begin XCConfigurationList section */
		A191EBC6210A14D300FC82F9 /* Build configuration list for PBXProject "SimpleRSS" */ = {
			isa = XCConfigurationList;
			buildConfigurations = (
				A191EBDB210A14D300FC82F9 /* Debug */,
				A191EBDC210A14D300FC82F9 /* Release */,
			);
			defaultConfigurationIsVisible = 0;
			defaultConfigurationName = Release;
		};
		A191EBDD210A14D300FC82F9 /* Build configuration list for PBXNativeTarget "SimpleRSS" */ = {
			isa = XCConfigurationList;
			buildConfigurations = (
				A191EBDE210A14D300FC82F9 /* Debug */,
				A191EBDF210A14D300FC82F9 /* Release */,
			);
			defaultConfigurationIsVisible = 0;
			defaultConfigurationName = Release;
		};
/* End XCConfigurationList section */
	};
	rootObject = A191EBC3210A14D300FC82F9 /* Project object */;
}
